// !$*UTF8*$!
{
	archiveVersion = 1;
	classes = {
	};
	objectVersion = 55;
	objects = {

/* Begin PBXBuildFile section */
		6E7962A727AED87E00658775 /* Launch.cpp in Sources */ = {isa = PBXBuildFile; fileRef = 6E7962A227AED87E00658775 /* Launch.cpp */; };
		6E7962A827AED87E00658775 /* Object.cpp in Sources */ = {isa = PBXBuildFile; fileRef = 6E7962A327AED87E00658775 /* Object.cpp */; };
		6E7962A927AED87E00658775 /* GameMaster.cpp in Sources */ = {isa = PBXBuildFile; fileRef = 6E7962A427AED87E00658775 /* GameMaster.cpp */; };
		6E7962AA27AED87E00658775 /* Character.cpp in Sources */ = {isa = PBXBuildFile; fileRef = 6E7962A627AED87E00658775 /* Character.cpp */; };
		6E7962AD27AED88900658775 /* Vector2.cpp in Sources */ = {isa = PBXBuildFile; fileRef = 6E7962AC27AED88900658775 /* Vector2.cpp */; };
		6E7962B027AFA00200658775 /* Math.cpp in Sources */ = {isa = PBXBuildFile; fileRef = 6E7962AE27AFA00200658775 /* Math.cpp */; };
		6E7962B427AFF09F00658775 /* Queue.cpp in Sources */ = {isa = PBXBuildFile; fileRef = 6E7962B227AFF09E00658775 /* Queue.cpp */; };
		6E7962B727B9178800658775 /* CharacterStateComponent.cpp in Sources */ = {isa = PBXBuildFile; fileRef = 6E7962B527B9178800658775 /* CharacterStateComponent.cpp */; };
/* End PBXBuildFile section */

/* Begin PBXCopyFilesBuildPhase section */
		6E0802D4273BFF4A00BEE174 /* CopyFiles */ = {
			isa = PBXCopyFilesBuildPhase;
			buildActionMask = 2147483647;
			dstPath = /usr/share/man/man1/;
			dstSubfolderSpec = 0;
			files = (
			);
			runOnlyForDeploymentPostprocessing = 1;
		};
/* End PBXCopyFilesBuildPhase section */

/* Begin PBXFileReference section */
		6E0802D6273BFF4B00BEE174 /* FTE */ = {isa = PBXFileReference; explicitFileType = "compiled.mach-o.executable"; includeInIndex = 0; path = FTE; sourceTree = BUILT_PRODUCTS_DIR; };
		6E7962A027AED87E00658775 /* Character.hpp */ = {isa = PBXFileReference; fileEncoding = 4; lastKnownFileType = sourcecode.cpp.h; path = Character.hpp; sourceTree = "<group>"; };
		6E7962A127AED87E00658775 /* Object.hpp */ = {isa = PBXFileReference; fileEncoding = 4; lastKnownFileType = sourcecode.cpp.h; path = Object.hpp; sourceTree = "<group>"; };
		6E7962A227AED87E00658775 /* Launch.cpp */ = {isa = PBXFileReference; fileEncoding = 4; lastKnownFileType = sourcecode.cpp.cpp; path = Launch.cpp; sourceTree = "<group>"; };
		6E7962A327AED87E00658775 /* Object.cpp */ = {isa = PBXFileReference; fileEncoding = 4; lastKnownFileType = sourcecode.cpp.cpp; path = Object.cpp; sourceTree = "<group>"; };
		6E7962A427AED87E00658775 /* GameMaster.cpp */ = {isa = PBXFileReference; fileEncoding = 4; lastKnownFileType = sourcecode.cpp.cpp; path = GameMaster.cpp; sourceTree = "<group>"; };
		6E7962A527AED87E00658775 /* GameMaster.hpp */ = {isa = PBXFileReference; fileEncoding = 4; lastKnownFileType = sourcecode.cpp.h; path = GameMaster.hpp; sourceTree = "<group>"; };
		6E7962A627AED87E00658775 /* Character.cpp */ = {isa = PBXFileReference; fileEncoding = 4; lastKnownFileType = sourcecode.cpp.cpp; path = Character.cpp; sourceTree = "<group>"; };
		6E7962AB27AED88900658775 /* Vector2.h */ = {isa = PBXFileReference; fileEncoding = 4; lastKnownFileType = sourcecode.c.h; path = Vector2.h; sourceTree = "<group>"; };
		6E7962AC27AED88900658775 /* Vector2.cpp */ = {isa = PBXFileReference; fileEncoding = 4; lastKnownFileType = sourcecode.cpp.cpp; path = Vector2.cpp; sourceTree = "<group>"; };
		6E7962AE27AFA00200658775 /* Math.cpp */ = {isa = PBXFileReference; lastKnownFileType = sourcecode.cpp.cpp; path = Math.cpp; sourceTree = "<group>"; };
		6E7962AF27AFA00200658775 /* Math.hpp */ = {isa = PBXFileReference; lastKnownFileType = sourcecode.cpp.h; path = Math.hpp; sourceTree = "<group>"; };
		6E7962B227AFF09E00658775 /* Queue.cpp */ = {isa = PBXFileReference; lastKnownFileType = sourcecode.cpp.cpp; path = Queue.cpp; sourceTree = "<group>"; };
		6E7962B327AFF09E00658775 /* Queue.hpp */ = {isa = PBXFileReference; lastKnownFileType = sourcecode.cpp.h; path = Queue.hpp; sourceTree = "<group>"; };
		6E7962B527B9178800658775 /* CharacterStateComponent.cpp */ = {isa = PBXFileReference; lastKnownFileType = sourcecode.cpp.cpp; path = CharacterStateComponent.cpp; sourceTree = "<group>"; };
		6E7962B627B9178800658775 /* CharacterStateComponent.hpp */ = {isa = PBXFileReference; lastKnownFileType = sourcecode.cpp.h; path = CharacterStateComponent.hpp; sourceTree = "<group>"; };
		6E7962BA27BC04DD00658775 /* FTEDefine.h */ = {isa = PBXFileReference; lastKnownFileType = sourcecode.c.h; path = FTEDefine.h; sourceTree = "<group>"; };
/* End PBXFileReference section */

/* Begin PBXFrameworksBuildPhase section */
		6E0802D3273BFF4A00BEE174 /* Frameworks */ = {
			isa = PBXFrameworksBuildPhase;
			buildActionMask = 2147483647;
			files = (
			);
			runOnlyForDeploymentPostprocessing = 0;
		};
/* End PBXFrameworksBuildPhase section */

/* Begin PBXGroup section */
		6E0802CD273BFF4A00BEE174 = {
			isa = PBXGroup;
			children = (
				6E0802D8273BFF4B00BEE174 /* FTE */,
				6E0802D7273BFF4B00BEE174 /* Products */,
			);
			sourceTree = "<group>";
		};
		6E0802D7273BFF4B00BEE174 /* Products */ = {
			isa = PBXGroup;
			children = (
				6E0802D6273BFF4B00BEE174 /* FTE */,
			);
			name = Products;
			sourceTree = "<group>";
		};
		6E0802D8273BFF4B00BEE174 /* FTE */ = {
			isa = PBXGroup;
			children = (
				6E79629E27AED7CC00658775 /* FTEngine */,
			);
			path = FTE;
			sourceTree = "<group>";
		};
		6E79629E27AED7CC00658775 /* FTEngine */ = {
			isa = PBXGroup;
			children = (
				6E7962B927BC04AB00658775 /* Engine */,
				6E7962B827B9179100658775 /* Component */,
				6E7962B127AFF02100658775 /* DataStructure */,
				6E7962A627AED87E00658775 /* Character.cpp */,
				6E7962A027AED87E00658775 /* Character.hpp */,
				6E7962A427AED87E00658775 /* GameMaster.cpp */,
				6E7962A527AED87E00658775 /* GameMaster.hpp */,
				6E7962A227AED87E00658775 /* Launch.cpp */,
				6E7962A327AED87E00658775 /* Object.cpp */,
				6E7962A127AED87E00658775 /* Object.hpp */,
				6E79629F27AED7D400658775 /* Math */,
			);
			path = FTEngine;
			sourceTree = "<group>";
		};
		6E79629F27AED7D400658775 /* Math */ = {
			isa = PBXGroup;
			children = (
				6E7962AC27AED88900658775 /* Vector2.cpp */,
				6E7962AB27AED88900658775 /* Vector2.h */,
				6E7962AE27AFA00200658775 /* Math.cpp */,
				6E7962AF27AFA00200658775 /* Math.hpp */,
			);
			path = Math;
			sourceTree = "<group>";
		};
		6E7962B127AFF02100658775 /* DataStructure */ = {
			isa = PBXGroup;
			children = (
				6E7962B227AFF09E00658775 /* Queue.cpp */,
				6E7962B327AFF09E00658775 /* Queue.hpp */,
			);
			path = DataStructure;
			sourceTree = "<group>";
		};
		6E7962B827B9179100658775 /* Component */ = {
			isa = PBXGroup;
			children = (
				6E7962B527B9178800658775 /* CharacterStateComponent.cpp */,
				6E7962B627B9178800658775 /* CharacterStateComponent.hpp */,
			);
			path = Component;
			sourceTree = "<group>";
		};
		6E7962B927BC04AB00658775 /* Engine */ = {
			isa = PBXGroup;
			children = (
				6E7962BA27BC04DD00658775 /* FTEDefine.h */,
			);
			path = Engine;
			sourceTree = "<group>";
		};
/* End PBXGroup section */

/* Begin PBXNativeTarget section */
		6E0802D5273BFF4A00BEE174 /* FTE */ = {
			isa = PBXNativeTarget;
			buildConfigurationList = 6E0802DD273BFF4B00BEE174 /* Build configuration list for PBXNativeTarget "FTE" */;
			buildPhases = (
				6E0802D2273BFF4A00BEE174 /* Sources */,
				6E0802D3273BFF4A00BEE174 /* Frameworks */,
				6E0802D4273BFF4A00BEE174 /* CopyFiles */,
			);
			buildRules = (
			);
			dependencies = (
			);
			name = FTE;
			productName = PraticeApp;
			productReference = 6E0802D6273BFF4B00BEE174 /* FTE */;
			productType = "com.apple.product-type.tool";
		};
/* End PBXNativeTarget section */

/* Begin PBXProject section */
		6E0802CE273BFF4A00BEE174 /* Project object */ = {
			isa = PBXProject;
			attributes = {
				BuildIndependentTargetsInParallel = 1;
				LastUpgradeCheck = 1310;
				TargetAttributes = {
					6E0802D5273BFF4A00BEE174 = {
						CreatedOnToolsVersion = 13.1;
					};
				};
			};
			buildConfigurationList = 6E0802D1273BFF4A00BEE174 /* Build configuration list for PBXProject "FTE" */;
			compatibilityVersion = "Xcode 13.0";
			developmentRegion = en;
			hasScannedForEncodings = 0;
			knownRegions = (
				en,
				Base,
			);
			mainGroup = 6E0802CD273BFF4A00BEE174;
			productRefGroup = 6E0802D7273BFF4B00BEE174 /* Products */;
			projectDirPath = "";
			projectRoot = "";
			targets = (
				6E0802D5273BFF4A00BEE174 /* FTE */,
			);
		};
/* End PBXProject section */

/* Begin PBXSourcesBuildPhase section */
		6E0802D2273BFF4A00BEE174 /* Sources */ = {
			isa = PBXSourcesBuildPhase;
			buildActionMask = 2147483647;
			files = (
				6E7962B427AFF09F00658775 /* Queue.cpp in Sources */,
				6E7962A827AED87E00658775 /* Object.cpp in Sources */,
				6E7962A927AED87E00658775 /* GameMaster.cpp in Sources */,
				6E7962AD27AED88900658775 /* Vector2.cpp in Sources */,
				6E7962B027AFA00200658775 /* Math.cpp in Sources */,
				6E7962B727B9178800658775 /* CharacterStateComponent.cpp in Sources */,
				6E7962A727AED87E00658775 /* Launch.cpp in Sources */,
				6E7962AA27AED87E00658775 /* Character.cpp in Sources */,
			);
			runOnlyForDeploymentPostprocessing = 0;
		};
/* End PBXSourcesBuildPhase section */

/* Begin XCBuildConfiguration section */
		6E0802DB273BFF4B00BEE174 /* Debug */ = {
			isa = XCBuildConfiguration;
			buildSettings = {
				ALWAYS_SEARCH_USER_PATHS = NO;
				CLANG_ANALYZER_NONNULL = YES;
				CLANG_ANALYZER_NUMBER_OBJECT_CONVERSION = YES_AGGRESSIVE;
				CLANG_CXX_LANGUAGE_STANDARD = "gnu++17";
				CLANG_CXX_LIBRARY = "libc++";
				CLANG_ENABLE_MODULES = YES;
				CLANG_ENABLE_OBJC_ARC = YES;
				CLANG_ENABLE_OBJC_WEAK = YES;
				CLANG_WARN_BLOCK_CAPTURE_AUTORELEASING = YES;
				CLANG_WARN_BOOL_CONVERSION = YES;
				CLANG_WARN_COMMA = YES;
				CLANG_WARN_CONSTANT_CONVERSION = YES;
				CLANG_WARN_DEPRECATED_OBJC_IMPLEMENTATIONS = YES;
				CLANG_WARN_DIRECT_OBJC_ISA_USAGE = YES_ERROR;
				CLANG_WARN_DOCUMENTATION_COMMENTS = YES;
				CLANG_WARN_EMPTY_BODY = YES;
				CLANG_WARN_ENUM_CONVERSION = YES;
				CLANG_WARN_INFINITE_RECURSION = YES;
				CLANG_WARN_INT_CONVERSION = YES;
				CLANG_WARN_NON_LITERAL_NULL_CONVERSION = YES;
				CLANG_WARN_OBJC_IMPLICIT_RETAIN_SELF = YES;
				CLANG_WARN_OBJC_LITERAL_CONVERSION = YES;
				CLANG_WARN_OBJC_ROOT_CLASS = YES_ERROR;
				CLANG_WARN_QUOTED_INCLUDE_IN_FRAMEWORK_HEADER = YES;
				CLANG_WARN_RANGE_LOOP_ANALYSIS = YES;
				CLANG_WARN_STRICT_PROTOTYPES = YES;
				CLANG_WARN_SUSPICIOUS_MOVE = YES;
				CLANG_WARN_UNGUARDED_AVAILABILITY = YES_AGGRESSIVE;
				CLANG_WARN_UNREACHABLE_CODE = YES;
				CLANG_WARN__DUPLICATE_METHOD_MATCH = YES;
				COPY_PHASE_STRIP = NO;
				DEBUG_INFORMATION_FORMAT = dwarf;
				ENABLE_STRICT_OBJC_MSGSEND = YES;
				ENABLE_TESTABILITY = YES;
				GCC_C_LANGUAGE_STANDARD = gnu11;
				GCC_DYNAMIC_NO_PIC = NO;
				GCC_NO_COMMON_BLOCKS = YES;
				GCC_OPTIMIZATION_LEVEL = 0;
				GCC_PREPROCESSOR_DEFINITIONS = (
					"DEBUG=1",
					"$(inherited)",
				);
				GCC_WARN_64_TO_32_BIT_CONVERSION = YES;
				GCC_WARN_ABOUT_RETURN_TYPE = YES_ERROR;
				GCC_WARN_UNDECLARED_SELECTOR = YES;
				GCC_WARN_UNINITIALIZED_AUTOS = YES_AGGRESSIVE;
				GCC_WARN_UNUSED_FUNCTION = YES;
				GCC_WARN_UNUSED_VARIABLE = YES;
				MACOSX_DEPLOYMENT_TARGET = 11.6;
				MTL_ENABLE_DEBUG_INFO = INCLUDE_SOURCE;
				MTL_FAST_MATH = YES;
				ONLY_ACTIVE_ARCH = YES;
				SDKROOT = macosx;
			};
			name = Debug;
		};
		6E0802DC273BFF4B00BEE174 /* Release */ = {
			isa = XCBuildConfiguration;
			buildSettings = {
				ALWAYS_SEARCH_USER_PATHS = NO;
				CLANG_ANALYZER_NONNULL = YES;
				CLANG_ANALYZER_NUMBER_OBJECT_CONVERSION = YES_AGGRESSIVE;
				CLANG_CXX_LANGUAGE_STANDARD = "gnu++17";
				CLANG_CXX_LIBRARY = "libc++";
				CLANG_ENABLE_MODULES = YES;
				CLANG_ENABLE_OBJC_ARC = YES;
				CLANG_ENABLE_OBJC_WEAK = YES;
				CLANG_WARN_BLOCK_CAPTURE_AUTORELEASING = YES;
				CLANG_WARN_BOOL_CONVERSION = YES;
				CLANG_WARN_COMMA = YES;
				CLANG_WARN_CONSTANT_CONVERSION = YES;
				CLANG_WARN_DEPRECATED_OBJC_IMPLEMENTATIONS = YES;
				CLANG_WARN_DIRECT_OBJC_ISA_USAGE = YES_ERROR;
				CLANG_WARN_DOCUMENTATION_COMMENTS = YES;
				CLANG_WARN_EMPTY_BODY = YES;
				CLANG_WARN_ENUM_CONVERSION = YES;
				CLANG_WARN_INFINITE_RECURSION = YES;
				CLANG_WARN_INT_CONVERSION = YES;
				CLANG_WARN_NON_LITERAL_NULL_CONVERSION = YES;
				CLANG_WARN_OBJC_IMPLICIT_RETAIN_SELF = YES;
				CLANG_WARN_OBJC_LITERAL_CONVERSION = YES;
				CLANG_WARN_OBJC_ROOT_CLASS = YES_ERROR;
				CLANG_WARN_QUOTED_INCLUDE_IN_FRAMEWORK_HEADER = YES;
				CLANG_WARN_RANGE_LOOP_ANALYSIS = YES;
				CLANG_WARN_STRICT_PROTOTYPES = YES;
				CLANG_WARN_SUSPICIOUS_MOVE = YES;
				CLANG_WARN_UNGUARDED_AVAILABILITY = YES_AGGRESSIVE;
				CLANG_WARN_UNREACHABLE_CODE = YES;
				CLANG_WARN__DUPLICATE_METHOD_MATCH = YES;
				COPY_PHASE_STRIP = NO;
				DEBUG_INFORMATION_FORMAT = "dwarf-with-dsym";
				ENABLE_NS_ASSERTIONS = NO;
				ENABLE_STRICT_OBJC_MSGSEND = YES;
				GCC_C_LANGUAGE_STANDARD = gnu11;
				GCC_NO_COMMON_BLOCKS = YES;
				GCC_WARN_64_TO_32_BIT_CONVERSION = YES;
				GCC_WARN_ABOUT_RETURN_TYPE = YES_ERROR;
				GCC_WARN_UNDECLARED_SELECTOR = YES;
				GCC_WARN_UNINITIALIZED_AUTOS = YES_AGGRESSIVE;
				GCC_WARN_UNUSED_FUNCTION = YES;
				GCC_WARN_UNUSED_VARIABLE = YES;
				MACOSX_DEPLOYMENT_TARGET = 11.6;
				MTL_ENABLE_DEBUG_INFO = NO;
				MTL_FAST_MATH = YES;
				SDKROOT = macosx;
			};
			name = Release;
		};
		6E0802DE273BFF4B00BEE174 /* Debug */ = {
			isa = XCBuildConfiguration;
			buildSettings = {
				CODE_SIGN_STYLE = Automatic;
				PRODUCT_NAME = "$(TARGET_NAME)";
			};
			name = Debug;
		};
		6E0802DF273BFF4B00BEE174 /* Release */ = {
			isa = XCBuildConfiguration;
			buildSettings = {
				CODE_SIGN_STYLE = Automatic;
				PRODUCT_NAME = "$(TARGET_NAME)";
			};
			name = Release;
		};
/* End XCBuildConfiguration section */

/* Begin XCConfigurationList section */
		6E0802D1273BFF4A00BEE174 /* Build configuration list for PBXProject "FTE" */ = {
			isa = XCConfigurationList;
			buildConfigurations = (
				6E0802DB273BFF4B00BEE174 /* Debug */,
				6E0802DC273BFF4B00BEE174 /* Release */,
			);
			defaultConfigurationIsVisible = 0;
			defaultConfigurationName = Release;
		};
		6E0802DD273BFF4B00BEE174 /* Build configuration list for PBXNativeTarget "FTE" */ = {
			isa = XCConfigurationList;
			buildConfigurations = (
				6E0802DE273BFF4B00BEE174 /* Debug */,
				6E0802DF273BFF4B00BEE174 /* Release */,
			);
			defaultConfigurationIsVisible = 0;
			defaultConfigurationName = Release;
		};
/* End XCConfigurationList section */
	};
	rootObject = 6E0802CE273BFF4A00BEE174 /* Project object */;
}
